{
  "nodes": {
    "flake-parts": {
      "inputs": {
        "nixpkgs-lib": "nixpkgs-lib"
      },
      "locked": {
        "lastModified": 1679737941,
        "narHash": "sha256-srSD9CwsVPnUMsIZ7Kt/UegkKUEBcTyU1Rev7mO45S0=",
        "owner": "hercules-ci",
        "repo": "flake-parts",
        "rev": "3502ee99d6dade045bdeaf7b0cd8ec703484c25c",
        "type": "github"
      },
      "original": {
        "owner": "hercules-ci",
        "repo": "flake-parts",
        "type": "github"
      }
    },
    "nixpkgs": {
      "locked": {
        "lastModified": 1674899129,
        "narHash": "sha256-6LGae8WbdCN4S9+o2wfYDJPpfxC2EnXEvoopVkguNtc=",
        "owner": "NixOS",
        "repo": "nixpkgs",
        "rev": "6b9c27b4c9c1c329b27a44ed1fa8935df79f9a8b",
        "type": "github"
      },
      "original": {
        "owner": "NixOS",
        "ref": "nixpkgs-unstable",
        "repo": "nixpkgs",
        "type": "github"
      }
    },
    "nixpkgs-lib": {
      "locked": {
        "dir": "lib",
        "lastModified": 1678375444,
        "narHash": "sha256-XIgHfGvjFvZQ8hrkfocanCDxMefc/77rXeHvYdzBMc8=",
        "owner": "NixOS",
        "repo": "nixpkgs",
        "rev": "130fa0baaa2b93ec45523fdcde942f6844ee9f6e",
        "type": "github"
      },
      "original": {
        "dir": "lib",
        "owner": "NixOS",
        "ref": "nixos-unstable",
        "repo": "nixpkgs",
        "type": "github"
      }
    },
    "root": {
      "inputs": {
        "flake-parts": "flake-parts",
        "nixpkgs": "nixpkgs"
      }
    }
  },
  "root": "root",
  "version": 7
}
